// !$*UTF8*$!
{
	archiveVersion = 1;
	classes = {
	};
	objectVersion = 55;
	objects = {

/* Begin PBXBuildFile section */
		24D1366428BC6FB100C3E7AA /* AppDelegate.swift in Sources */ = {isa = PBXBuildFile; fileRef = 24D1366328BC6FB100C3E7AA /* AppDelegate.swift */; };
		24D1366628BC6FB100C3E7AA /* SceneDelegate.swift in Sources */ = {isa = PBXBuildFile; fileRef = 24D1366528BC6FB100C3E7AA /* SceneDelegate.swift */; };
		24D1366828BC6FB100C3E7AA /* ViewController.swift in Sources */ = {isa = PBXBuildFile; fileRef = 24D1366728BC6FB100C3E7AA /* ViewController.swift */; };
		24D1366B28BC6FB100C3E7AA /* Main.storyboard in Resources */ = {isa = PBXBuildFile; fileRef = 24D1366928BC6FB100C3E7AA /* Main.storyboard */; };
		24D1366D28BC6FB100C3E7AA /* Assets.xcassets in Resources */ = {isa = PBXBuildFile; fileRef = 24D1366C28BC6FB100C3E7AA /* Assets.xcassets */; };
		24D1367028BC6FB100C3E7AA /* LaunchScreen.storyboard in Resources */ = {isa = PBXBuildFile; fileRef = 24D1366E28BC6FB100C3E7AA /* LaunchScreen.storyboard */; };
		24D1367B28BC6FB100C3E7AA /* intro_mobile_devTests.swift in Sources */ = {isa = PBXBuildFile; fileRef = 24D1367A28BC6FB100C3E7AA /* intro_mobile_devTests.swift */; };
		24D1368528BC6FB100C3E7AA /* intro_mobile_devUITests.swift in Sources */ = {isa = PBXBuildFile; fileRef = 24D1368428BC6FB100C3E7AA /* intro_mobile_devUITests.swift */; };
		24D1368728BC6FB100C3E7AA /* intro_mobile_devUITestsLaunchTests.swift in Sources */ = {isa = PBXBuildFile; fileRef = 24D1368628BC6FB100C3E7AA /* intro_mobile_devUITestsLaunchTests.swift */; };
/* End PBXBuildFile section */

/* Begin PBXContainerItemProxy section */
		24D1367728BC6FB100C3E7AA /* PBXContainerItemProxy */ = {
			isa = PBXContainerItemProxy;
			containerPortal = 24D1365828BC6FB100C3E7AA /* Project object */;
			proxyType = 1;
			remoteGlobalIDString = 24D1365F28BC6FB100C3E7AA;
			remoteInfo = "intro-mobile-dev";
		};
		24D1368128BC6FB100C3E7AA /* PBXContainerItemProxy */ = {
			isa = PBXContainerItemProxy;
			containerPortal = 24D1365828BC6FB100C3E7AA /* Project object */;
			proxyType = 1;
			remoteGlobalIDString = 24D1365F28BC6FB100C3E7AA;
			remoteInfo = "intro-mobile-dev";
		};
/* End PBXContainerItemProxy section */

/* Begin PBXFileReference section */
		24D1366028BC6FB100C3E7AA /* intro-mobile-dev.app */ = {isa = PBXFileReference; explicitFileType = wrapper.application; includeInIndex = 0; path = "intro-mobile-dev.app"; sourceTree = BUILT_PRODUCTS_DIR; };
		24D1366328BC6FB100C3E7AA /* AppDelegate.swift */ = {isa = PBXFileReference; lastKnownFileType = sourcecode.swift; path = AppDelegate.swift; sourceTree = "<group>"; };
		24D1366528BC6FB100C3E7AA /* SceneDelegate.swift */ = {isa = PBXFileReference; lastKnownFileType = sourcecode.swift; path = SceneDelegate.swift; sourceTree = "<group>"; };
		24D1366728BC6FB100C3E7AA /* ViewController.swift */ = {isa = PBXFileReference; lastKnownFileType = sourcecode.swift; path = ViewController.swift; sourceTree = "<group>"; };
		24D1366A28BC6FB100C3E7AA /* Base */ = {isa = PBXFileReference; lastKnownFileType = file.storyboard; name = Base; path = Base.lproj/Main.storyboard; sourceTree = "<group>"; };
		24D1366C28BC6FB100C3E7AA /* Assets.xcassets */ = {isa = PBXFileReference; lastKnownFileType = folder.assetcatalog; path = Assets.xcassets; sourceTree = "<group>"; };
		24D1366F28BC6FB100C3E7AA /* Base */ = {isa = PBXFileReference; lastKnownFileType = file.storyboard; name = Base; path = Base.lproj/LaunchScreen.storyboard; sourceTree = "<group>"; };
		24D1367128BC6FB100C3E7AA /* Info.plist */ = {isa = PBXFileReference; lastKnownFileType = text.plist.xml; path = Info.plist; sourceTree = "<group>"; };
		24D1367628BC6FB100C3E7AA /* intro-mobile-devTests.xctest */ = {isa = PBXFileReference; explicitFileType = wrapper.cfbundle; includeInIndex = 0; path = "intro-mobile-devTests.xctest"; sourceTree = BUILT_PRODUCTS_DIR; };
		24D1367A28BC6FB100C3E7AA /* intro_mobile_devTests.swift */ = {isa = PBXFileReference; lastKnownFileType = sourcecode.swift; path = intro_mobile_devTests.swift; sourceTree = "<group>"; };
		24D1368028BC6FB100C3E7AA /* intro-mobile-devUITests.xctest */ = {isa = PBXFileReference; explicitFileType = wrapper.cfbundle; includeInIndex = 0; path = "intro-mobile-devUITests.xctest"; sourceTree = BUILT_PRODUCTS_DIR; };
		24D1368428BC6FB100C3E7AA /* intro_mobile_devUITests.swift */ = {isa = PBXFileReference; lastKnownFileType = sourcecode.swift; path = intro_mobile_devUITests.swift; sourceTree = "<group>"; };
		24D1368628BC6FB100C3E7AA /* intro_mobile_devUITestsLaunchTests.swift */ = {isa = PBXFileReference; lastKnownFileType = sourcecode.swift; path = intro_mobile_devUITestsLaunchTests.swift; sourceTree = "<group>"; };
/* End PBXFileReference section */

/* Begin PBXFrameworksBuildPhase section */
		24D1365D28BC6FB100C3E7AA /* Frameworks */ = {
			isa = PBXFrameworksBuildPhase;
			buildActionMask = 2147483647;
			files = (
			);
			runOnlyForDeploymentPostprocessing = 0;
		};
		24D1367328BC6FB100C3E7AA /* Frameworks */ = {
			isa = PBXFrameworksBuildPhase;
			buildActionMask = 2147483647;
			files = (
			);
			runOnlyForDeploymentPostprocessing = 0;
		};
		24D1367D28BC6FB100C3E7AA /* Frameworks */ = {
			isa = PBXFrameworksBuildPhase;
			buildActionMask = 2147483647;
			files = (
			);
			runOnlyForDeploymentPostprocessing = 0;
		};
/* End PBXFrameworksBuildPhase section */

/* Begin PBXGroup section */
		24D1365728BC6FB100C3E7AA = {
			isa = PBXGroup;
			children = (
				24D1366228BC6FB100C3E7AA /* intro-mobile-dev */,
				24D1367928BC6FB100C3E7AA /* intro-mobile-devTests */,
				24D1368328BC6FB100C3E7AA /* intro-mobile-devUITests */,
				24D1366128BC6FB100C3E7AA /* Products */,
			);
			sourceTree = "<group>";
		};
		24D1366128BC6FB100C3E7AA /* Products */ = {
			isa = PBXGroup;
			children = (
				24D1366028BC6FB100C3E7AA /* intro-mobile-dev.app */,
				24D1367628BC6FB100C3E7AA /* intro-mobile-devTests.xctest */,
				24D1368028BC6FB100C3E7AA /* intro-mobile-devUITests.xctest */,
			);
			name = Products;
			sourceTree = "<group>";
		};
		24D1366228BC6FB100C3E7AA /* intro-mobile-dev */ = {
			isa = PBXGroup;
			children = (
				24D1366328BC6FB100C3E7AA /* AppDelegate.swift */,
				24D1366528BC6FB100C3E7AA /* SceneDelegate.swift */,
				24D1366728BC6FB100C3E7AA /* ViewController.swift */,
				24D1366928BC6FB100C3E7AA /* Main.storyboard */,
				24D1366C28BC6FB100C3E7AA /* Assets.xcassets */,
				24D1366E28BC6FB100C3E7AA /* LaunchScreen.storyboard */,
				24D1367128BC6FB100C3E7AA /* Info.plist */,
			);
			path = "intro-mobile-dev";
			sourceTree = "<group>";
		};
		24D1367928BC6FB100C3E7AA /* intro-mobile-devTests */ = {
			isa = PBXGroup;
			children = (
				24D1367A28BC6FB100C3E7AA /* intro_mobile_devTests.swift */,
			);
			path = "intro-mobile-devTests";
			sourceTree = "<group>";
		};
		24D1368328BC6FB100C3E7AA /* intro-mobile-devUITests */ = {
			isa = PBXGroup;
			children = (
				24D1368428BC6FB100C3E7AA /* intro_mobile_devUITests.swift */,
				24D1368628BC6FB100C3E7AA /* intro_mobile_devUITestsLaunchTests.swift */,
			);
			path = "intro-mobile-devUITests";
			sourceTree = "<group>";
		};
/* End PBXGroup section */

/* Begin PBXNativeTarget section */
		24D1365F28BC6FB100C3E7AA /* intro-mobile-dev */ = {
			isa = PBXNativeTarget;
			buildConfigurationList = 24D1368A28BC6FB100C3E7AA /* Build configuration list for PBXNativeTarget "intro-mobile-dev" */;
			buildPhases = (
				24D1365C28BC6FB100C3E7AA /* Sources */,
				24D1365D28BC6FB100C3E7AA /* Frameworks */,
				24D1365E28BC6FB100C3E7AA /* Resources */,
			);
			buildRules = (
			);
			dependencies = (
			);
			name = "intro-mobile-dev";
			productName = "intro-mobile-dev";
			productReference = 24D1366028BC6FB100C3E7AA /* intro-mobile-dev.app */;
			productType = "com.apple.product-type.application";
		};
		24D1367528BC6FB100C3E7AA /* intro-mobile-devTests */ = {
			isa = PBXNativeTarget;
			buildConfigurationList = 24D1368D28BC6FB100C3E7AA /* Build configuration list for PBXNativeTarget "intro-mobile-devTests" */;
			buildPhases = (
				24D1367228BC6FB100C3E7AA /* Sources */,
				24D1367328BC6FB100C3E7AA /* Frameworks */,
				24D1367428BC6FB100C3E7AA /* Resources */,
			);
			buildRules = (
			);
			dependencies = (
				24D1367828BC6FB100C3E7AA /* PBXTargetDependency */,
			);
			name = "intro-mobile-devTests";
			productName = "intro-mobile-devTests";
			productReference = 24D1367628BC6FB100C3E7AA /* intro-mobile-devTests.xctest */;
			productType = "com.apple.product-type.bundle.unit-test";
		};
		24D1367F28BC6FB100C3E7AA /* intro-mobile-devUITests */ = {
			isa = PBXNativeTarget;
			buildConfigurationList = 24D1369028BC6FB100C3E7AA /* Build configuration list for PBXNativeTarget "intro-mobile-devUITests" */;
			buildPhases = (
				24D1367C28BC6FB100C3E7AA /* Sources */,
				24D1367D28BC6FB100C3E7AA /* Frameworks */,
				24D1367E28BC6FB100C3E7AA /* Resources */,
			);
			buildRules = (
			);
			dependencies = (
				24D1368228BC6FB100C3E7AA /* PBXTargetDependency */,
			);
			name = "intro-mobile-devUITests";
			productName = "intro-mobile-devUITests";
			productReference = 24D1368028BC6FB100C3E7AA /* intro-mobile-devUITests.xctest */;
			productType = "com.apple.product-type.bundle.ui-testing";
		};
/* End PBXNativeTarget section */

/* Begin PBXProject section */
		24D1365828BC6FB100C3E7AA /* Project object */ = {
			isa = PBXProject;
			attributes = {
				BuildIndependentTargetsInParallel = 1;
				LastSwiftUpdateCheck = 1340;
				LastUpgradeCheck = 1340;
				TargetAttributes = {
					24D1365F28BC6FB100C3E7AA = {
						CreatedOnToolsVersion = 13.4.1;
					};
					24D1367528BC6FB100C3E7AA = {
						CreatedOnToolsVersion = 13.4.1;
						TestTargetID = 24D1365F28BC6FB100C3E7AA;
					};
					24D1367F28BC6FB100C3E7AA = {
						CreatedOnToolsVersion = 13.4.1;
						TestTargetID = 24D1365F28BC6FB100C3E7AA;
					};
				};
			};
			buildConfigurationList = 24D1365B28BC6FB100C3E7AA /* Build configuration list for PBXProject "intro-mobile-dev" */;
			compatibilityVersion = "Xcode 13.0";
			developmentRegion = en;
			hasScannedForEncodings = 0;
			knownRegions = (
				en,
				Base,
			);
			mainGroup = 24D1365728BC6FB100C3E7AA;
			productRefGroup = 24D1366128BC6FB100C3E7AA /* Products */;
			projectDirPath = "";
			projectRoot = "";
			targets = (
				24D1365F28BC6FB100C3E7AA /* intro-mobile-dev */,
				24D1367528BC6FB100C3E7AA /* intro-mobile-devTests */,
				24D1367F28BC6FB100C3E7AA /* intro-mobile-devUITests */,
			);
		};
/* End PBXProject section */

/* Begin PBXResourcesBuildPhase section */
		24D1365E28BC6FB100C3E7AA /* Resources */ = {
			isa = PBXResourcesBuildPhase;
			buildActionMask = 2147483647;
			files = (
				24D1367028BC6FB100C3E7AA /* LaunchScreen.storyboard in Resources */,
				24D1366D28BC6FB100C3E7AA /* Assets.xcassets in Resources */,
				24D1366B28BC6FB100C3E7AA /* Main.storyboard in Resources */,
			);
			runOnlyForDeploymentPostprocessing = 0;
		};
		24D1367428BC6FB100C3E7AA /* Resources */ = {
			isa = PBXResourcesBuildPhase;
			buildActionMask = 2147483647;
			files = (
			);
			runOnlyForDeploymentPostprocessing = 0;
		};
		24D1367E28BC6FB100C3E7AA /* Resources */ = {
			isa = PBXResourcesBuildPhase;
			buildActionMask = 2147483647;
			files = (
			);
			runOnlyForDeploymentPostprocessing = 0;
		};
/* End PBXResourcesBuildPhase section */

/* Begin PBXSourcesBuildPhase section */
		24D1365C28BC6FB100C3E7AA /* Sources */ = {
			isa = PBXSourcesBuildPhase;
			buildActionMask = 2147483647;
			files = (
				24D1366828BC6FB100C3E7AA /* ViewController.swift in Sources */,
				24D1366428BC6FB100C3E7AA /* AppDelegate.swift in Sources */,
				24D1366628BC6FB100C3E7AA /* SceneDelegate.swift in Sources */,
			);
			runOnlyForDeploymentPostprocessing = 0;
		};
		24D1367228BC6FB100C3E7AA /* Sources */ = {
			isa = PBXSourcesBuildPhase;
			buildActionMask = 2147483647;
			files = (
				24D1367B28BC6FB100C3E7AA /* intro_mobile_devTests.swift in Sources */,
			);
			runOnlyForDeploymentPostprocessing = 0;
		};
		24D1367C28BC6FB100C3E7AA /* Sources */ = {
			isa = PBXSourcesBuildPhase;
			buildActionMask = 2147483647;
			files = (
				24D1368528BC6FB100C3E7AA /* intro_mobile_devUITests.swift in Sources */,
				24D1368728BC6FB100C3E7AA /* intro_mobile_devUITestsLaunchTests.swift in Sources */,
			);
			runOnlyForDeploymentPostprocessing = 0;
		};
/* End PBXSourcesBuildPhase section */

/* Begin PBXTargetDependency section */
		24D1367828BC6FB100C3E7AA /* PBXTargetDependency */ = {
			isa = PBXTargetDependency;
			target = 24D1365F28BC6FB100C3E7AA /* intro-mobile-dev */;
			targetProxy = 24D1367728BC6FB100C3E7AA /* PBXContainerItemProxy */;
		};
		24D1368228BC6FB100C3E7AA /* PBXTargetDependency */ = {
			isa = PBXTargetDependency;
			target = 24D1365F28BC6FB100C3E7AA /* intro-mobile-dev */;
			targetProxy = 24D1368128BC6FB100C3E7AA /* PBXContainerItemProxy */;
		};
/* End PBXTargetDependency section */

/* Begin PBXVariantGroup section */
		24D1366928BC6FB100C3E7AA /* Main.storyboard */ = {
			isa = PBXVariantGroup;
			children = (
				24D1366A28BC6FB100C3E7AA /* Base */,
			);
			name = Main.storyboard;
			sourceTree = "<group>";
		};
		24D1366E28BC6FB100C3E7AA /* LaunchScreen.storyboard */ = {
			isa = PBXVariantGroup;
			children = (
				24D1366F28BC6FB100C3E7AA /* Base */,
			);
			name = LaunchScreen.storyboard;
			sourceTree = "<group>";
		};
/* End PBXVariantGroup section */

/* Begin XCBuildConfiguration section */
		24D1368828BC6FB100C3E7AA /* Debug */ = {
			isa = XCBuildConfiguration;
			buildSettings = {
				ALWAYS_SEARCH_USER_PATHS = NO;
				CLANG_ANALYZER_NONNULL = YES;
				CLANG_ANALYZER_NUMBER_OBJECT_CONVERSION = YES_AGGRESSIVE;
				CLANG_CXX_LANGUAGE_STANDARD = "gnu++17";
				CLANG_ENABLE_MODULES = YES;
				CLANG_ENABLE_OBJC_ARC = YES;
				CLANG_ENABLE_OBJC_WEAK = YES;
				CLANG_WARN_BLOCK_CAPTURE_AUTORELEASING = YES;
				CLANG_WARN_BOOL_CONVERSION = YES;
				CLANG_WARN_COMMA = YES;
				CLANG_WARN_CONSTANT_CONVERSION = YES;
				CLANG_WARN_DEPRECATED_OBJC_IMPLEMENTATIONS = YES;
				CLANG_WARN_DIRECT_OBJC_ISA_USAGE = YES_ERROR;
				CLANG_WARN_DOCUMENTATION_COMMENTS = YES;
				CLANG_WARN_EMPTY_BODY = YES;
				CLANG_WARN_ENUM_CONVERSION = YES;
				CLANG_WARN_INFINITE_RECURSION = YES;
				CLANG_WARN_INT_CONVERSION = YES;
				CLANG_WARN_NON_LITERAL_NULL_CONVERSION = YES;
				CLANG_WARN_OBJC_IMPLICIT_RETAIN_SELF = YES;
				CLANG_WARN_OBJC_LITERAL_CONVERSION = YES;
				CLANG_WARN_OBJC_ROOT_CLASS = YES_ERROR;
				CLANG_WARN_QUOTED_INCLUDE_IN_FRAMEWORK_HEADER = YES;
				CLANG_WARN_RANGE_LOOP_ANALYSIS = YES;
				CLANG_WARN_STRICT_PROTOTYPES = YES;
				CLANG_WARN_SUSPICIOUS_MOVE = YES;
				CLANG_WARN_UNGUARDED_AVAILABILITY = YES_AGGRESSIVE;
				CLANG_WARN_UNREACHABLE_CODE = YES;
				CLANG_WARN__DUPLICATE_METHOD_MATCH = YES;
				COPY_PHASE_STRIP = NO;
				DEBUG_INFORMATION_FORMAT = dwarf;
				ENABLE_STRICT_OBJC_MSGSEND = YES;
				ENABLE_TESTABILITY = YES;
				GCC_C_LANGUAGE_STANDARD = gnu11;
				GCC_DYNAMIC_NO_PIC = NO;
				GCC_NO_COMMON_BLOCKS = YES;
				GCC_OPTIMIZATION_LEVEL = 0;
				GCC_PREPROCESSOR_DEFINITIONS = (
					"DEBUG=1",
					"$(inherited)",
				);
				GCC_WARN_64_TO_32_BIT_CONVERSION = YES;
				GCC_WARN_ABOUT_RETURN_TYPE = YES_ERROR;
				GCC_WARN_UNDECLARED_SELECTOR = YES;
				GCC_WARN_UNINITIALIZED_AUTOS = YES_AGGRESSIVE;
				GCC_WARN_UNUSED_FUNCTION = YES;
				GCC_WARN_UNUSED_VARIABLE = YES;
				IPHONEOS_DEPLOYMENT_TARGET = 15.5;
				MTL_ENABLE_DEBUG_INFO = INCLUDE_SOURCE;
				MTL_FAST_MATH = YES;
				ONLY_ACTIVE_ARCH = YES;
				SDKROOT = iphoneos;
				SWIFT_ACTIVE_COMPILATION_CONDITIONS = DEBUG;
				SWIFT_OPTIMIZATION_LEVEL = "-Onone";
			};
			name = Debug;
		};
		24D1368928BC6FB100C3E7AA /* Release */ = {
			isa = XCBuildConfiguration;
			buildSettings = {
				ALWAYS_SEARCH_USER_PATHS = NO;
				CLANG_ANALYZER_NONNULL = YES;
				CLANG_ANALYZER_NUMBER_OBJECT_CONVERSION = YES_AGGRESSIVE;
				CLANG_CXX_LANGUAGE_STANDARD = "gnu++17";
				CLANG_ENABLE_MODULES = YES;
				CLANG_ENABLE_OBJC_ARC = YES;
				CLANG_ENABLE_OBJC_WEAK = YES;
				CLANG_WARN_BLOCK_CAPTURE_AUTORELEASING = YES;
				CLANG_WARN_BOOL_CONVERSION = YES;
				CLANG_WARN_COMMA = YES;
				CLANG_WARN_CONSTANT_CONVERSION = YES;
				CLANG_WARN_DEPRECATED_OBJC_IMPLEMENTATIONS = YES;
				CLANG_WARN_DIRECT_OBJC_ISA_USAGE = YES_ERROR;
				CLANG_WARN_DOCUMENTATION_COMMENTS = YES;
				CLANG_WARN_EMPTY_BODY = YES;
				CLANG_WARN_ENUM_CONVERSION = YES;
				CLANG_WARN_INFINITE_RECURSION = YES;
				CLANG_WARN_INT_CONVERSION = YES;
				CLANG_WARN_NON_LITERAL_NULL_CONVERSION = YES;
				CLANG_WARN_OBJC_IMPLICIT_RETAIN_SELF = YES;
				CLANG_WARN_OBJC_LITERAL_CONVERSION = YES;
				CLANG_WARN_OBJC_ROOT_CLASS = YES_ERROR;
				CLANG_WARN_QUOTED_INCLUDE_IN_FRAMEWORK_HEADER = YES;
				CLANG_WARN_RANGE_LOOP_ANALYSIS = YES;
				CLANG_WARN_STRICT_PROTOTYPES = YES;
				CLANG_WARN_SUSPICIOUS_MOVE = YES;
				CLANG_WARN_UNGUARDED_AVAILABILITY = YES_AGGRESSIVE;
				CLANG_WARN_UNREACHABLE_CODE = YES;
				CLANG_WARN__DUPLICATE_METHOD_MATCH = YES;
				COPY_PHASE_STRIP = NO;
				DEBUG_INFORMATION_FORMAT = "dwarf-with-dsym";
				ENABLE_NS_ASSERTIONS = NO;
				ENABLE_STRICT_OBJC_MSGSEND = YES;
				GCC_C_LANGUAGE_STANDARD = gnu11;
				GCC_NO_COMMON_BLOCKS = YES;
				GCC_WARN_64_TO_32_BIT_CONVERSION = YES;
				GCC_WARN_ABOUT_RETURN_TYPE = YES_ERROR;
				GCC_WARN_UNDECLARED_SELECTOR = YES;
				GCC_WARN_UNINITIALIZED_AUTOS = YES_AGGRESSIVE;
				GCC_WARN_UNUSED_FUNCTION = YES;
				GCC_WARN_UNUSED_VARIABLE = YES;
				IPHONEOS_DEPLOYMENT_TARGET = 15.5;
				MTL_ENABLE_DEBUG_INFO = NO;
				MTL_FAST_MATH = YES;
				SDKROOT = iphoneos;
				SWIFT_COMPILATION_MODE = wholemodule;
				SWIFT_OPTIMIZATION_LEVEL = "-O";
				VALIDATE_PRODUCT = YES;
			};
			name = Release;
		};
		24D1368B28BC6FB100C3E7AA /* Debug */ = {
			isa = XCBuildConfiguration;
			buildSettings = {
				ASSETCATALOG_COMPILER_APPICON_NAME = AppIcon;
				ASSETCATALOG_COMPILER_GLOBAL_ACCENT_COLOR_NAME = AccentColor;
				CODE_SIGN_STYLE = Automatic;
				CURRENT_PROJECT_VERSION = 1;
				GENERATE_INFOPLIST_FILE = YES;
				INFOPLIST_FILE = "intro-mobile-dev/Info.plist";
				INFOPLIST_KEY_UIApplicationSupportsIndirectInputEvents = YES;
				INFOPLIST_KEY_UILaunchStoryboardName = LaunchScreen;
				INFOPLIST_KEY_UIMainStoryboardFile = Main;
				INFOPLIST_KEY_UISupportedInterfaceOrientations_iPad = "UIInterfaceOrientationPortrait UIInterfaceOrientationPortraitUpsideDown UIInterfaceOrientationLandscapeLeft UIInterfaceOrientationLandscapeRight";
				INFOPLIST_KEY_UISupportedInterfaceOrientations_iPhone = "UIInterfaceOrientationPortrait UIInterfaceOrientationLandscapeLeft UIInterfaceOrientationLandscapeRight";
				LD_RUNPATH_SEARCH_PATHS = (
					"$(inherited)",
					"@executable_path/Frameworks",
				);
				MARKETING_VERSION = 1.0;
				PRODUCT_BUNDLE_IDENTIFIER = "andrewreardigan.intro-mobile-dev";
				PRODUCT_NAME = "$(TARGET_NAME)";
				SWIFT_EMIT_LOC_STRINGS = YES;
				SWIFT_VERSION = 5.0;
				TARGETED_DEVICE_FAMILY = "1,2";
			};
			name = Debug;
		};
		24D1368C28BC6FB100C3E7AA /* Release */ = {
			isa = XCBuildConfiguration;
			buildSettings = {
				ASSETCATALOG_COMPILER_APPICON_NAME = AppIcon;
				ASSETCATALOG_COMPILER_GLOBAL_ACCENT_COLOR_NAME = AccentColor;
				CODE_SIGN_STYLE = Automatic;
				CURRENT_PROJECT_VERSION = 1;
				GENERATE_INFOPLIST_FILE = YES;
				INFOPLIST_FILE = "intro-mobile-dev/Info.plist";
				INFOPLIST_KEY_UIApplicationSupportsIndirectInputEvents = YES;
				INFOPLIST_KEY_UILaunchStoryboardName = LaunchScreen;
				INFOPLIST_KEY_UIMainStoryboardFile = Main;
				INFOPLIST_KEY_UISupportedInterfaceOrientations_iPad = "UIInterfaceOrientationPortrait UIInterfaceOrientationPortraitUpsideDown UIInterfaceOrientationLandscapeLeft UIInterfaceOrientationLandscapeRight";
				INFOPLIST_KEY_UISupportedInterfaceOrientations_iPhone = "UIInterfaceOrientationPortrait UIInterfaceOrientationLandscapeLeft UIInterfaceOrientationLandscapeRight";
				LD_RUNPATH_SEARCH_PATHS = (
					"$(inherited)",
					"@executable_path/Frameworks",
				);
				MARKETING_VERSION = 1.0;
				PRODUCT_BUNDLE_IDENTIFIER = "andrewreardigan.intro-mobile-dev";
				PRODUCT_NAME = "$(TARGET_NAME)";
				SWIFT_EMIT_LOC_STRINGS = YES;
				SWIFT_VERSION = 5.0;
				TARGETED_DEVICE_FAMILY = "1,2";
			};
			name = Release;
		};
		24D1368E28BC6FB100C3E7AA /* Debug */ = {
			isa = XCBuildConfiguration;
			buildSettings = {
				ALWAYS_EMBED_SWIFT_STANDARD_LIBRARIES = YES;
				BUNDLE_LOADER = "$(TEST_HOST)";
				CODE_SIGN_STYLE = Automatic;
				CURRENT_PROJECT_VERSION = 1;
				GENERATE_INFOPLIST_FILE = YES;
				IPHONEOS_DEPLOYMENT_TARGET = 15.5;
				MARKETING_VERSION = 1.0;
				PRODUCT_BUNDLE_IDENTIFIER = "andrewreardigan.intro-mobile-devTests";
				PRODUCT_NAME = "$(TARGET_NAME)";
				SWIFT_EMIT_LOC_STRINGS = NO;
				SWIFT_VERSION = 5.0;
				TARGETED_DEVICE_FAMILY = "1,2";
				TEST_HOST = "$(BUILT_PRODUCTS_DIR)/intro-mobile-dev.app/intro-mobile-dev";
			};
			name = Debug;
		};
		24D1368F28BC6FB100C3E7AA /* Release */ = {
			isa = XCBuildConfiguration;
			buildSettings = {
				ALWAYS_EMBED_SWIFT_STANDARD_LIBRARIES = YES;
				BUNDLE_LOADER = "$(TEST_HOST)";
				CODE_SIGN_STYLE = Automatic;
				CURRENT_PROJECT_VERSION = 1;
				GENERATE_INFOPLIST_FILE = YES;
				IPHONEOS_DEPLOYMENT_TARGET = 15.5;
				MARKETING_VERSION = 1.0;
				PRODUCT_BUNDLE_IDENTIFIER = "andrewreardigan.intro-mobile-devTests";
				PRODUCT_NAME = "$(TARGET_NAME)";
				SWIFT_EMIT_LOC_STRINGS = NO;
				SWIFT_VERSION = 5.0;
				TARGETED_DEVICE_FAMILY = "1,2";
				TEST_HOST = "$(BUILT_PRODUCTS_DIR)/intro-mobile-dev.app/intro-mobile-dev";
			};
			name = Release;
		};
		24D1369128BC6FB100C3E7AA /* Debug */ = {
			isa = XCBuildConfiguration;
			buildSettings = {
				ALWAYS_EMBED_SWIFT_STANDARD_LIBRARIES = YES;
				CODE_SIGN_STYLE = Automatic;
				CURRENT_PROJECT_VERSION = 1;
				GENERATE_INFOPLIST_FILE = YES;
				MARKETING_VERSION = 1.0;
				PRODUCT_BUNDLE_IDENTIFIER = "andrewreardigan.intro-mobile-devUITests";
				PRODUCT_NAME = "$(TARGET_NAME)";
				SWIFT_EMIT_LOC_STRINGS = NO;
				SWIFT_VERSION = 5.0;
				TARGETED_DEVICE_FAMILY = "1,2";
				TEST_TARGET_NAME = "intro-mobile-dev";
			};
			name = Debug;
		};
		24D1369228BC6FB100C3E7AA /* Release */ = {
			isa = XCBuildConfiguration;
			buildSettings = {
				ALWAYS_EMBED_SWIFT_STANDARD_LIBRARIES = YES;
				CODE_SIGN_STYLE = Automatic;
				CURRENT_PROJECT_VERSION = 1;
				GENERATE_INFOPLIST_FILE = YES;
				MARKETING_VERSION = 1.0;
				PRODUCT_BUNDLE_IDENTIFIER = "andrewreardigan.intro-mobile-devUITests";
				PRODUCT_NAME = "$(TARGET_NAME)";
				SWIFT_EMIT_LOC_STRINGS = NO;
				SWIFT_VERSION = 5.0;
				TARGETED_DEVICE_FAMILY = "1,2";
				TEST_TARGET_NAME = "intro-mobile-dev";
			};
			name = Release;
		};
/* End XCBuildConfiguration section */

/* Begin XCConfigurationList section */
		24D1365B28BC6FB100C3E7AA /* Build configuration list for PBXProject "intro-mobile-dev" */ = {
			isa = XCConfigurationList;
			buildConfigurations = (
				24D1368828BC6FB100C3E7AA /* Debug */,
				24D1368928BC6FB100C3E7AA /* Release */,
			);
			defaultConfigurationIsVisible = 0;
			defaultConfigurationName = Release;
		};
		24D1368A28BC6FB100C3E7AA /* Build configuration list for PBXNativeTarget "intro-mobile-dev" */ = {
			isa = XCConfigurationList;
			buildConfigurations = (
				24D1368B28BC6FB100C3E7AA /* Debug */,
				24D1368C28BC6FB100C3E7AA /* Release */,
			);
			defaultConfigurationIsVisible = 0;
			defaultConfigurationName = Release;
		};
		24D1368D28BC6FB100C3E7AA /* Build configuration list for PBXNativeTarget "intro-mobile-devTests" */ = {
			isa = XCConfigurationList;
			buildConfigurations = (
				24D1368E28BC6FB100C3E7AA /* Debug */,
				24D1368F28BC6FB100C3E7AA /* Release */,
			);
			defaultConfigurationIsVisible = 0;
			defaultConfigurationName = Release;
		};
		24D1369028BC6FB100C3E7AA /* Build configuration list for PBXNativeTarget "intro-mobile-devUITests" */ = {
			isa = XCConfigurationList;
			buildConfigurations = (
				24D1369128BC6FB100C3E7AA /* Debug */,
				24D1369228BC6FB100C3E7AA /* Release */,
			);
			defaultConfigurationIsVisible = 0;
			defaultConfigurationName = Release;
		};
/* End XCConfigurationList section */
	};
	rootObject = 24D1365828BC6FB100C3E7AA /* Project object */;
}
